
Microsoft Visual Studio Solution File, Format Version 12.00
# Visual Studio Version 17
VisualStudioVersion = 17.1.32421.90
MinimumVisualStudioVersion = 10.0.40219.1
Project("{FAE04EC0-301F-11D3-BF4B-00C04F79EFBC}") = "Chess", "Chess\Chess.csproj", "{547E3BA5-0FBB-4695-B841-8A7DD502083F}"
EndProject
Global
	GlobalSection(SolutionConfigurationPlatforms) = preSolution
		Debug|Any CPU = Debug|Any CPU
		Release|Any CPU = Release|Any CPU
	EndGlobalSection
	GlobalSection(ProjectConfigurationPlatforms) = postSolution
		{547E3BA5-0FBB-4695-B841-8A7DD502083F}.Debug|Any CPU.ActiveCfg = Debug|Any CPU
		{547E3BA5-0FBB-4695-B841-8A7DD502083F}.Debug|Any CPU.Build.0 = Debug|Any CPU
		{547E3BA5-0FBB-4695-B841-8A7DD502083F}.Release|Any CPU.ActiveCfg = Release|Any CPU
		{547E3BA5-0FBB-4695-B841-8A7DD502083F}.Release|Any CPU.Build.0 = Release|Any CPU
	EndGlobalSection
	GlobalSection(SolutionProperties) = preSolution
		HideSolutionNode = FALSE
	EndGlobalSection
	GlobalSection(ExtensibilityGlobals) = postSolution
		SolutionGuid = {61D381F1-6241-4987-A040-CD031649B9B0}
	EndGlobalSection
EndGlobal
